
Microsoft Visual Studio Solution File, Format Version 12.00
# Visual Studio Version 16
VisualStudioVersion = 16.0.33423.256
MinimumVisualStudioVersion = 10.0.40219.1
Project("{FAE04EC0-301F-11D3-BF4B-00C04F79EFBC}") = "GerenciamentoHospitalar", "GerenciamentoHospitalar\GerenciamentoHospitalar.csproj", "{3852FD54-83FC-47D6-852F-4135BBFB9A64}"
EndProject
Global
	GlobalSection(SolutionConfigurationPlatforms) = preSolution
		Debug|Any CPU = Debug|Any CPU
		Release|Any CPU = Release|Any CPU
	EndGlobalSection
	GlobalSection(ProjectConfigurationPlatforms) = postSolution
		{3852FD54-83FC-47D6-852F-4135BBFB9A64}.Debug|Any CPU.ActiveCfg = Debug|Any CPU
		{3852FD54-83FC-47D6-852F-4135BBFB9A64}.Debug|Any CPU.Build.0 = Debug|Any CPU
		{3852FD54-83FC-47D6-852F-4135BBFB9A64}.Release|Any CPU.ActiveCfg = Release|Any CPU
		{3852FD54-83FC-47D6-852F-4135BBFB9A64}.Release|Any CPU.Build.0 = Release|Any CPU
	EndGlobalSection
	GlobalSection(SolutionProperties) = preSolution
		HideSolutionNode = FALSE
	EndGlobalSection
	GlobalSection(ExtensibilityGlobals) = postSolution
		SolutionGuid = {11585711-C2F3-4414-9FD4-68FB9189003F}
	EndGlobalSection
EndGlobal
